<Solution>
  <Project Path="ReadGood.API/ReadGood.API.csproj" DefaultStartup="true" />
  <Project Path="ReadGood.Application/ReadGood.Application.csproj" />
  <Project Path="ReadGood.Domain/ReadGood.Domain.csproj" />
  <Project Path="ReadGood.Infrastructure/ReadGood.Infrastructure.csproj" />
</Solution>
